
Microsoft Visual Studio Solution File, Format Version 12.00
# Visual Studio Version 16
VisualStudioVersion = 16.0.30011.22
MinimumVisualStudioVersion = 10.0.40219.1
Project("{9A19103F-16F7-4668-BE54-9A1E7A4F7556}") = "prime-factors.tests", "prime-factors.tests\prime-factors.tests.csproj", "{F926ABE5-5987-448E-BFB7-198C065B1E89}"
EndProject
Project("{9A19103F-16F7-4668-BE54-9A1E7A4F7556}") = "ConsoleApp1", "ConsoleApp1\ConsoleApp1.csproj", "{F9A8C0EF-4E14-485F-A50B-18082C8A8CEB}"
EndProject
Project("{FAE04EC0-301F-11D3-BF4B-00C04F79EFBC}") = "kata", "kata\kata.csproj", "{FDDC0692-8AEB-418A-8ACA-D725C3B4BA99}"
EndProject
Global
	GlobalSection(SolutionConfigurationPlatforms) = preSolution
		Debug|Any CPU = Debug|Any CPU
		Release|Any CPU = Release|Any CPU
	EndGlobalSection
	GlobalSection(ProjectConfigurationPlatforms) = postSolution
		{F926ABE5-5987-448E-BFB7-198C065B1E89}.Debug|Any CPU.ActiveCfg = Debug|Any CPU
		{F926ABE5-5987-448E-BFB7-198C065B1E89}.Debug|Any CPU.Build.0 = Debug|Any CPU
		{F926ABE5-5987-448E-BFB7-198C065B1E89}.Release|Any CPU.ActiveCfg = Release|Any CPU
		{F926ABE5-5987-448E-BFB7-198C065B1E89}.Release|Any CPU.Build.0 = Release|Any CPU
		{F9A8C0EF-4E14-485F-A50B-18082C8A8CEB}.Debug|Any CPU.ActiveCfg = Debug|Any CPU
		{F9A8C0EF-4E14-485F-A50B-18082C8A8CEB}.Debug|Any CPU.Build.0 = Debug|Any CPU
		{F9A8C0EF-4E14-485F-A50B-18082C8A8CEB}.Release|Any CPU.ActiveCfg = Release|Any CPU
		{F9A8C0EF-4E14-485F-A50B-18082C8A8CEB}.Release|Any CPU.Build.0 = Release|Any CPU
		{FDDC0692-8AEB-418A-8ACA-D725C3B4BA99}.Debug|Any CPU.ActiveCfg = Debug|Any CPU
		{FDDC0692-8AEB-418A-8ACA-D725C3B4BA99}.Debug|Any CPU.Build.0 = Debug|Any CPU
		{FDDC0692-8AEB-418A-8ACA-D725C3B4BA99}.Release|Any CPU.ActiveCfg = Release|Any CPU
		{FDDC0692-8AEB-418A-8ACA-D725C3B4BA99}.Release|Any CPU.Build.0 = Release|Any CPU
	EndGlobalSection
	GlobalSection(SolutionProperties) = preSolution
		HideSolutionNode = FALSE
	EndGlobalSection
	GlobalSection(ExtensibilityGlobals) = postSolution
		SolutionGuid = {FA3E653E-EBFB-44BD-9CEA-5C734F71CA2A}
	EndGlobalSection
EndGlobal
